// !$*UTF8*$!
{
	archiveVersion = 1;
	classes = {
	};
	objectVersion = 50;
	objects = {

/* Begin PBXBuildFile section */
		C44BBA4A2577DE5F003CF37F /* main.c in Sources */ = {isa = PBXBuildFile; fileRef = C44BBA492577DE5F003CF37F /* main.c */; };
		C49DD9B02576852D001F72C4 /* main.c in Sources */ = {isa = PBXBuildFile; fileRef = C49DD9AF2576852D001F72C4 /* main.c */; };
		C49DD9B725768DC4001F72C4 /* c6s1.c in Sources */ = {isa = PBXBuildFile; fileRef = C49DD9B625768DC4001F72C4 /* c6s1.c */; };
		C4EE2EA32576965C0017C7C3 /* main.c in Sources */ = {isa = PBXBuildFile; fileRef = C4EE2EA22576965C0017C7C3 /* main.c */; };
/* End PBXBuildFile section */

/* Begin PBXCopyFilesBuildPhase section */
		C44BBA452577DE5F003CF37F /* CopyFiles */ = {
			isa = PBXCopyFilesBuildPhase;
			buildActionMask = 2147483647;
			dstPath = /usr/share/man/man1/;
			dstSubfolderSpec = 0;
			files = (
			);
			runOnlyForDeploymentPostprocessing = 1;
		};
		C49DD9AB2576852D001F72C4 /* CopyFiles */ = {
			isa = PBXCopyFilesBuildPhase;
			buildActionMask = 2147483647;
			dstPath = /usr/share/man/man1/;
			dstSubfolderSpec = 0;
			files = (
			);
			runOnlyForDeploymentPostprocessing = 1;
		};
		C4EE2E9E2576965B0017C7C3 /* CopyFiles */ = {
			isa = PBXCopyFilesBuildPhase;
			buildActionMask = 2147483647;
			dstPath = /usr/share/man/man1/;
			dstSubfolderSpec = 0;
			files = (
			);
			runOnlyForDeploymentPostprocessing = 1;
		};
/* End PBXCopyFilesBuildPhase section */

/* Begin PBXFileReference section */
		C44BBA472577DE5F003CF37F /* c6s3 */ = {isa = PBXFileReference; explicitFileType = "compiled.mach-o.executable"; includeInIndex = 0; path = c6s3; sourceTree = BUILT_PRODUCTS_DIR; };
		C44BBA492577DE5F003CF37F /* main.c */ = {isa = PBXFileReference; lastKnownFileType = sourcecode.c.c; path = main.c; sourceTree = "<group>"; };
		C49DD9AD2576852D001F72C4 /* c6s1 */ = {isa = PBXFileReference; explicitFileType = "compiled.mach-o.executable"; includeInIndex = 0; path = c6s1; sourceTree = BUILT_PRODUCTS_DIR; };
		C49DD9AF2576852D001F72C4 /* main.c */ = {isa = PBXFileReference; lastKnownFileType = sourcecode.c.c; path = main.c; sourceTree = "<group>"; };
		C49DD9B525768DC4001F72C4 /* c6s1.h */ = {isa = PBXFileReference; lastKnownFileType = sourcecode.c.h; path = c6s1.h; sourceTree = "<group>"; };
		C49DD9B625768DC4001F72C4 /* c6s1.c */ = {isa = PBXFileReference; lastKnownFileType = sourcecode.c.c; path = c6s1.c; sourceTree = "<group>"; };
		C4EE2EA02576965B0017C7C3 /* c6s2 */ = {isa = PBXFileReference; explicitFileType = "compiled.mach-o.executable"; includeInIndex = 0; path = c6s2; sourceTree = BUILT_PRODUCTS_DIR; };
		C4EE2EA22576965C0017C7C3 /* main.c */ = {isa = PBXFileReference; lastKnownFileType = sourcecode.c.c; path = main.c; sourceTree = "<group>"; };
/* End PBXFileReference section */

/* Begin PBXFrameworksBuildPhase section */
		C44BBA442577DE5F003CF37F /* Frameworks */ = {
			isa = PBXFrameworksBuildPhase;
			buildActionMask = 2147483647;
			files = (
			);
			runOnlyForDeploymentPostprocessing = 0;
		};
		C49DD9AA2576852D001F72C4 /* Frameworks */ = {
			isa = PBXFrameworksBuildPhase;
			buildActionMask = 2147483647;
			files = (
			);
			runOnlyForDeploymentPostprocessing = 0;
		};
		C4EE2E9D2576965B0017C7C3 /* Frameworks */ = {
			isa = PBXFrameworksBuildPhase;
			buildActionMask = 2147483647;
			files = (
			);
			runOnlyForDeploymentPostprocessing = 0;
		};
/* End PBXFrameworksBuildPhase section */

/* Begin PBXGroup section */
		C44BBA482577DE5F003CF37F /* c6s3 */ = {
			isa = PBXGroup;
			children = (
				C44BBA492577DE5F003CF37F /* main.c */,
			);
			path = c6s3;
			sourceTree = "<group>";
		};
		C49DD97D2576836A001F72C4 = {
			isa = PBXGroup;
			children = (
				C49DD9AE2576852D001F72C4 /* c6s1 */,
				C4EE2EA12576965B0017C7C3 /* c6s2 */,
				C44BBA482577DE5F003CF37F /* c6s3 */,
				C49DD9872576836B001F72C4 /* Products */,
			);
			sourceTree = "<group>";
		};
		C49DD9872576836B001F72C4 /* Products */ = {
			isa = PBXGroup;
			children = (
				C49DD9AD2576852D001F72C4 /* c6s1 */,
				C4EE2EA02576965B0017C7C3 /* c6s2 */,
				C44BBA472577DE5F003CF37F /* c6s3 */,
			);
			name = Products;
			sourceTree = "<group>";
		};
		C49DD9AE2576852D001F72C4 /* c6s1 */ = {
			isa = PBXGroup;
			children = (
				C49DD9AF2576852D001F72C4 /* main.c */,
				C49DD9B525768DC4001F72C4 /* c6s1.h */,
				C49DD9B625768DC4001F72C4 /* c6s1.c */,
			);
			path = c6s1;
			sourceTree = "<group>";
		};
		C4EE2EA12576965B0017C7C3 /* c6s2 */ = {
			isa = PBXGroup;
			children = (
				C4EE2EA22576965C0017C7C3 /* main.c */,
			);
			path = c6s2;
			sourceTree = "<group>";
		};
/* End PBXGroup section */

/* Begin PBXNativeTarget section */
		C44BBA462577DE5F003CF37F /* c6s3 */ = {
			isa = PBXNativeTarget;
			buildConfigurationList = C44BBA4D2577DE5F003CF37F /* Build configuration list for PBXNativeTarget "c6s3" */;
			buildPhases = (
				C44BBA432577DE5F003CF37F /* Sources */,
				C44BBA442577DE5F003CF37F /* Frameworks */,
				C44BBA452577DE5F003CF37F /* CopyFiles */,
			);
			buildRules = (
			);
			dependencies = (
			);
			name = c6s3;
			productName = c6s3;
			productReference = C44BBA472577DE5F003CF37F /* c6s3 */;
			productType = "com.apple.product-type.tool";
		};
		C49DD9AC2576852D001F72C4 /* c6s1 */ = {
			isa = PBXNativeTarget;
			buildConfigurationList = C49DD9B12576852D001F72C4 /* Build configuration list for PBXNativeTarget "c6s1" */;
			buildPhases = (
				C49DD9A92576852D001F72C4 /* Sources */,
				C49DD9AA2576852D001F72C4 /* Frameworks */,
				C49DD9AB2576852D001F72C4 /* CopyFiles */,
			);
			buildRules = (
			);
			dependencies = (
			);
			name = c6s1;
			productName = c6s1;
			productReference = C49DD9AD2576852D001F72C4 /* c6s1 */;
			productType = "com.apple.product-type.tool";
		};
		C4EE2E9F2576965B0017C7C3 /* c6s2 */ = {
			isa = PBXNativeTarget;
			buildConfigurationList = C4EE2EA62576965C0017C7C3 /* Build configuration list for PBXNativeTarget "c6s2" */;
			buildPhases = (
				C4EE2E9C2576965B0017C7C3 /* Sources */,
				C4EE2E9D2576965B0017C7C3 /* Frameworks */,
				C4EE2E9E2576965B0017C7C3 /* CopyFiles */,
			);
			buildRules = (
			);
			dependencies = (
			);
			name = c6s2;
			productName = c6s2;
			productReference = C4EE2EA02576965B0017C7C3 /* c6s2 */;
			productType = "com.apple.product-type.tool";
		};
/* End PBXNativeTarget section */

/* Begin PBXProject section */
		C49DD97E2576836A001F72C4 /* Project object */ = {
			isa = PBXProject;
			attributes = {
				LastUpgradeCheck = 1200;
				TargetAttributes = {
					C44BBA462577DE5F003CF37F = {
						CreatedOnToolsVersion = 12.0.1;
					};
					C49DD9AC2576852D001F72C4 = {
						CreatedOnToolsVersion = 12.0.1;
					};
					C4EE2E9F2576965B0017C7C3 = {
						CreatedOnToolsVersion = 12.0.1;
					};
				};
			};
			buildConfigurationList = C49DD9812576836A001F72C4 /* Build configuration list for PBXProject "06369" */;
			compatibilityVersion = "Xcode 9.3";
			developmentRegion = en;
			hasScannedForEncodings = 0;
			knownRegions = (
				en,
				Base,
			);
			mainGroup = C49DD97D2576836A001F72C4;
			productRefGroup = C49DD9872576836B001F72C4 /* Products */;
			projectDirPath = "";
			projectRoot = "";
			targets = (
				C49DD9AC2576852D001F72C4 /* c6s1 */,
				C4EE2E9F2576965B0017C7C3 /* c6s2 */,
				C44BBA462577DE5F003CF37F /* c6s3 */,
			);
		};
/* End PBXProject section */

/* Begin PBXSourcesBuildPhase section */
		C44BBA432577DE5F003CF37F /* Sources */ = {
			isa = PBXSourcesBuildPhase;
			buildActionMask = 2147483647;
			files = (
				C44BBA4A2577DE5F003CF37F /* main.c in Sources */,
			);
			runOnlyForDeploymentPostprocessing = 0;
		};
		C49DD9A92576852D001F72C4 /* Sources */ = {
			isa = PBXSourcesBuildPhase;
			buildActionMask = 2147483647;
			files = (
				C49DD9B725768DC4001F72C4 /* c6s1.c in Sources */,
				C49DD9B02576852D001F72C4 /* main.c in Sources */,
			);
			runOnlyForDeploymentPostprocessing = 0;
		};
		C4EE2E9C2576965B0017C7C3 /* Sources */ = {
			isa = PBXSourcesBuildPhase;
			buildActionMask = 2147483647;
			files = (
				C4EE2EA32576965C0017C7C3 /* main.c in Sources */,
			);
			runOnlyForDeploymentPostprocessing = 0;
		};
/* End PBXSourcesBuildPhase section */

/* Begin XCBuildConfiguration section */
		C44BBA4B2577DE5F003CF37F /* Debug */ = {
			isa = XCBuildConfiguration;
			buildSettings = {
				CODE_SIGN_STYLE = Automatic;
				PRODUCT_NAME = "$(TARGET_NAME)";
			};
			name = Debug;
		};
		C44BBA4C2577DE5F003CF37F /* Release */ = {
			isa = XCBuildConfiguration;
			buildSettings = {
				CODE_SIGN_STYLE = Automatic;
				PRODUCT_NAME = "$(TARGET_NAME)";
			};
			name = Release;
		};
		C49DD98B2576836B001F72C4 /* Debug */ = {
			isa = XCBuildConfiguration;
			buildSettings = {
				ALWAYS_SEARCH_USER_PATHS = NO;
				CLANG_ANALYZER_NONNULL = YES;
				CLANG_ANALYZER_NUMBER_OBJECT_CONVERSION = YES_AGGRESSIVE;
				CLANG_CXX_LANGUAGE_STANDARD = "gnu++14";
				CLANG_CXX_LIBRARY = "libc++";
				CLANG_ENABLE_MODULES = YES;
				CLANG_ENABLE_OBJC_ARC = YES;
				CLANG_ENABLE_OBJC_WEAK = YES;
				CLANG_WARN_BLOCK_CAPTURE_AUTORELEASING = YES;
				CLANG_WARN_BOOL_CONVERSION = YES;
				CLANG_WARN_COMMA = YES;
				CLANG_WARN_CONSTANT_CONVERSION = YES;
				CLANG_WARN_DEPRECATED_OBJC_IMPLEMENTATIONS = YES;
				CLANG_WARN_DIRECT_OBJC_ISA_USAGE = YES_ERROR;
				CLANG_WARN_DOCUMENTATION_COMMENTS = YES;
				CLANG_WARN_EMPTY_BODY = YES;
				CLANG_WARN_ENUM_CONVERSION = YES;
				CLANG_WARN_INFINITE_RECURSION = YES;
				CLANG_WARN_INT_CONVERSION = YES;
				CLANG_WARN_NON_LITERAL_NULL_CONVERSION = YES;
				CLANG_WARN_OBJC_IMPLICIT_RETAIN_SELF = YES;
				CLANG_WARN_OBJC_LITERAL_CONVERSION = YES;
				CLANG_WARN_OBJC_ROOT_CLASS = YES_ERROR;
				CLANG_WARN_QUOTED_INCLUDE_IN_FRAMEWORK_HEADER = YES;
				CLANG_WARN_RANGE_LOOP_ANALYSIS = YES;
				CLANG_WARN_STRICT_PROTOTYPES = YES;
				CLANG_WARN_SUSPICIOUS_MOVE = YES;
				CLANG_WARN_UNGUARDED_AVAILABILITY = YES_AGGRESSIVE;
				CLANG_WARN_UNREACHABLE_CODE = YES;
				CLANG_WARN__DUPLICATE_METHOD_MATCH = YES;
				COPY_PHASE_STRIP = NO;
				DEBUG_INFORMATION_FORMAT = dwarf;
				ENABLE_STRICT_OBJC_MSGSEND = YES;
				ENABLE_TESTABILITY = YES;
				GCC_C_LANGUAGE_STANDARD = gnu11;
				GCC_DYNAMIC_NO_PIC = NO;
				GCC_NO_COMMON_BLOCKS = YES;
				GCC_OPTIMIZATION_LEVEL = 0;
				GCC_PREPROCESSOR_DEFINITIONS = (
					"DEBUG=1",
					"$(inherited)",
				);
				GCC_WARN_64_TO_32_BIT_CONVERSION = YES;
				GCC_WARN_ABOUT_RETURN_TYPE = YES_ERROR;
				GCC_WARN_UNDECLARED_SELECTOR = YES;
				GCC_WARN_UNINITIALIZED_AUTOS = YES_AGGRESSIVE;
				GCC_WARN_UNUSED_FUNCTION = YES;
				GCC_WARN_UNUSED_VARIABLE = YES;
				MACOSX_DEPLOYMENT_TARGET = 10.15;
				MTL_ENABLE_DEBUG_INFO = INCLUDE_SOURCE;
				MTL_FAST_MATH = YES;
				ONLY_ACTIVE_ARCH = YES;
				SDKROOT = macosx;
			};
			name = Debug;
		};
		C49DD98C2576836B001F72C4 /* Release */ = {
			isa = XCBuildConfiguration;
			buildSettings = {
				ALWAYS_SEARCH_USER_PATHS = NO;
				CLANG_ANALYZER_NONNULL = YES;
				CLANG_ANALYZER_NUMBER_OBJECT_CONVERSION = YES_AGGRESSIVE;
				CLANG_CXX_LANGUAGE_STANDARD = "gnu++14";
				CLANG_CXX_LIBRARY = "libc++";
				CLANG_ENABLE_MODULES = YES;
				CLANG_ENABLE_OBJC_ARC = YES;
				CLANG_ENABLE_OBJC_WEAK = YES;
				CLANG_WARN_BLOCK_CAPTURE_AUTORELEASING = YES;
				CLANG_WARN_BOOL_CONVERSION = YES;
				CLANG_WARN_COMMA = YES;
				CLANG_WARN_CONSTANT_CONVERSION = YES;
				CLANG_WARN_DEPRECATED_OBJC_IMPLEMENTATIONS = YES;
				CLANG_WARN_DIRECT_OBJC_ISA_USAGE = YES_ERROR;
				CLANG_WARN_DOCUMENTATION_COMMENTS = YES;
				CLANG_WARN_EMPTY_BODY = YES;
				CLANG_WARN_ENUM_CONVERSION = YES;
				CLANG_WARN_INFINITE_RECURSION = YES;
				CLANG_WARN_INT_CONVERSION = YES;
				CLANG_WARN_NON_LITERAL_NULL_CONVERSION = YES;
				CLANG_WARN_OBJC_IMPLICIT_RETAIN_SELF = YES;
				CLANG_WARN_OBJC_LITERAL_CONVERSION = YES;
				CLANG_WARN_OBJC_ROOT_CLASS = YES_ERROR;
				CLANG_WARN_QUOTED_INCLUDE_IN_FRAMEWORK_HEADER = YES;
				CLANG_WARN_RANGE_LOOP_ANALYSIS = YES;
				CLANG_WARN_STRICT_PROTOTYPES = YES;
				CLANG_WARN_SUSPICIOUS_MOVE = YES;
				CLANG_WARN_UNGUARDED_AVAILABILITY = YES_AGGRESSIVE;
				CLANG_WARN_UNREACHABLE_CODE = YES;
				CLANG_WARN__DUPLICATE_METHOD_MATCH = YES;
				COPY_PHASE_STRIP = NO;
				DEBUG_INFORMATION_FORMAT = "dwarf-with-dsym";
				ENABLE_NS_ASSERTIONS = NO;
				ENABLE_STRICT_OBJC_MSGSEND = YES;
				GCC_C_LANGUAGE_STANDARD = gnu11;
				GCC_NO_COMMON_BLOCKS = YES;
				GCC_WARN_64_TO_32_BIT_CONVERSION = YES;
				GCC_WARN_ABOUT_RETURN_TYPE = YES_ERROR;
				GCC_WARN_UNDECLARED_SELECTOR = YES;
				GCC_WARN_UNINITIALIZED_AUTOS = YES_AGGRESSIVE;
				GCC_WARN_UNUSED_FUNCTION = YES;
				GCC_WARN_UNUSED_VARIABLE = YES;
				MACOSX_DEPLOYMENT_TARGET = 10.15;
				MTL_ENABLE_DEBUG_INFO = NO;
				MTL_FAST_MATH = YES;
				SDKROOT = macosx;
			};
			name = Release;
		};
		C49DD9B22576852D001F72C4 /* Debug */ = {
			isa = XCBuildConfiguration;
			buildSettings = {
				CODE_SIGN_STYLE = Automatic;
				PRODUCT_NAME = "$(TARGET_NAME)";
			};
			name = Debug;
		};
		C49DD9B32576852D001F72C4 /* Release */ = {
			isa = XCBuildConfiguration;
			buildSettings = {
				CODE_SIGN_STYLE = Automatic;
				PRODUCT_NAME = "$(TARGET_NAME)";
			};
			name = Release;
		};
		C4EE2EA42576965C0017C7C3 /* Debug */ = {
			isa = XCBuildConfiguration;
			buildSettings = {
				CODE_SIGN_STYLE = Automatic;
				PRODUCT_NAME = "$(TARGET_NAME)";
			};
			name = Debug;
		};
		C4EE2EA52576965C0017C7C3 /* Release */ = {
			isa = XCBuildConfiguration;
			buildSettings = {
				CODE_SIGN_STYLE = Automatic;
				PRODUCT_NAME = "$(TARGET_NAME)";
			};
			name = Release;
		};
/* End XCBuildConfiguration section */

/* Begin XCConfigurationList section */
		C44BBA4D2577DE5F003CF37F /* Build configuration list for PBXNativeTarget "c6s3" */ = {
			isa = XCConfigurationList;
			buildConfigurations = (
				C44BBA4B2577DE5F003CF37F /* Debug */,
				C44BBA4C2577DE5F003CF37F /* Release */,
			);
			defaultConfigurationIsVisible = 0;
			defaultConfigurationName = Release;
		};
		C49DD9812576836A001F72C4 /* Build configuration list for PBXProject "06369" */ = {
			isa = XCConfigurationList;
			buildConfigurations = (
				C49DD98B2576836B001F72C4 /* Debug */,
				C49DD98C2576836B001F72C4 /* Release */,
			);
			defaultConfigurationIsVisible = 0;
			defaultConfigurationName = Release;
		};
		C49DD9B12576852D001F72C4 /* Build configuration list for PBXNativeTarget "c6s1" */ = {
			isa = XCConfigurationList;
			buildConfigurations = (
				C49DD9B22576852D001F72C4 /* Debug */,
				C49DD9B32576852D001F72C4 /* Release */,
			);
			defaultConfigurationIsVisible = 0;
			defaultConfigurationName = Release;
		};
		C4EE2EA62576965C0017C7C3 /* Build configuration list for PBXNativeTarget "c6s2" */ = {
			isa = XCConfigurationList;
			buildConfigurations = (
				C4EE2EA42576965C0017C7C3 /* Debug */,
				C4EE2EA52576965C0017C7C3 /* Release */,
			);
			defaultConfigurationIsVisible = 0;
			defaultConfigurationName = Release;
		};
/* End XCConfigurationList section */
	};
	rootObject = C49DD97E2576836A001F72C4 /* Project object */;
}
